{
    "_readme": [
        "This file locks the dependencies of your project to a known state",
        "Read more about it at https://getcomposer.org/doc/01-basic-usage.md#installing-dependencies",
        "This file is @generated automatically"
    ],
    "content-hash": "4e663903d876a0dfe6d174952643a1a9",
    "packages": [
        {
            "name": "beberlei/assert",
            "version": "v3.2.2",
            "source": {
                "type": "git",
                "url": "https://github.com/beberlei/assert.git",
                "reference": "5547e7d03f8c6be121b8b9db6d6ed5a22ffdcb01"
            },
            "dist": {
                "type": "zip",
                "url": "https://api.github.com/repos/beberlei/assert/zipball/5547e7d03f8c6be121b8b9db6d6ed5a22ffdcb01",
                "reference": "5547e7d03f8c6be121b8b9db6d6ed5a22ffdcb01",
                "shasum": ""
            },
            "require": {
                "php": "^7"
            },
            "require-dev": {
                "friendsofphp/php-cs-fixer": "*",
                "phpstan/phpstan-shim": "*",
                "phpunit/phpunit": ">=6.0.0 <8"
            },
            "type": "library",
            "autoload": {
                "psr-4": {
                    "Assert\\": "lib/Assert"
                },
                "files": [
                    "lib/Assert/functions.php"
                ]
            },
            "notification-url": "https://packagist.org/downloads/",
            "license": [
                "BSD-2-Clause"
            ],
            "authors": [
                {
                    "name": "Benjamin Eberlei",
                    "email": "kontakt@beberlei.de",
                    "role": "Lead Developer"
                },
                {
                    "name": "Richard Quadling",
                    "email": "rquadling@gmail.com",
                    "role": "Collaborator"
                }
            ],
            "description": "Thin assertion library for input validation in business models.",
            "keywords": [
                "assert",
                "assertion",
                "validation"
            ],
            "time": "2019-08-23T16:04:58+00:00"
        },
        {
            "name": "ircmaxell/password-compat",
            "version": "v1.0.4",
            "source": {
                "type": "git",
                "url": "https://github.com/ircmaxell/password_compat.git",
                "reference": "5c5cde8822a69545767f7c7f3058cb15ff84614c"
            },
            "dist": {
                "type": "zip",
                "url": "https://api.github.com/repos/ircmaxell/password_compat/zipball/5c5cde8822a69545767f7c7f3058cb15ff84614c",
                "reference": "5c5cde8822a69545767f7c7f3058cb15ff84614c",
                "shasum": ""
            },
            "require-dev": {
                "phpunit/phpunit": "4.*"
            },
            "type": "library",
            "autoload": {
                "files": [
                    "lib/password.php"
                ]
            },
            "notification-url": "https://packagist.org/downloads/",
            "license": [
                "MIT"
            ],
            "authors": [
                {
                    "name": "Anthony Ferrara",
                    "email": "ircmaxell@php.net",
                    "homepage": "http://blog.ircmaxell.com"
                }
            ],
            "description": "A compatibility library for the proposed simplified password hashing algorithm: https://wiki.php.net/rfc/password_hash",
            "homepage": "https://github.com/ircmaxell/password_compat",
            "keywords": [
                "hashing",
                "password"
            ],
            "time": "2014-11-20T16:49:30+00:00"
        },
        {
            "name": "paragonie/constant_time_encoding",
            "version": "v2.2.3",
            "source": {
                "type": "git",
                "url": "https://github.com/paragonie/constant_time_encoding.git",
                "reference": "55af0dc01992b4d0da7f6372e2eac097bbbaffdb"
            },
            "dist": {
                "type": "zip",
                "url": "https://api.github.com/repos/paragonie/constant_time_encoding/zipball/55af0dc01992b4d0da7f6372e2eac097bbbaffdb",
                "reference": "55af0dc01992b4d0da7f6372e2eac097bbbaffdb",
                "shasum": ""
            },
            "require": {
                "php": "^7"
            },
            "require-dev": {
                "phpunit/phpunit": "^6|^7",
                "vimeo/psalm": "^1|^2"
            },
            "type": "library",
            "autoload": {
                "psr-4": {
                    "ParagonIE\\ConstantTime\\": "src/"
                }
            },
            "notification-url": "https://packagist.org/downloads/",
            "license": [
                "MIT"
            ],
            "authors": [
                {
                    "name": "Paragon Initiative Enterprises",
                    "email": "security@paragonie.com",
                    "homepage": "https://paragonie.com",
                    "role": "Maintainer"
                },
                {
                    "name": "Steve 'Sc00bz' Thomas",
                    "email": "steve@tobtu.com",
                    "homepage": "https://www.tobtu.com",
                    "role": "Original Developer"
                }
            ],
            "description": "Constant-time Implementations of RFC 4648 Encoding (Base-64, Base-32, Base-16)",
            "keywords": [
                "base16",
                "base32",
                "base32_decode",
                "base32_encode",
                "base64",
                "base64_decode",
                "base64_encode",
                "bin2hex",
                "encoding",
                "hex",
                "hex2bin",
                "rfc4648"
            ],
            "time": "2019-01-03T20:26:31+00:00"
        },
        {
            "name": "paragonie/random_compat",
            "version": "v2.0.12",
            "source": {
                "type": "git",
                "url": "https://github.com/paragonie/random_compat.git",
                "reference": "258c89a6b97de7dfaf5b8c7607d0478e236b04fb"
            },
            "dist": {
                "type": "zip",
                "url": "https://api.github.com/repos/paragonie/random_compat/zipball/258c89a6b97de7dfaf5b8c7607d0478e236b04fb",
                "reference": "258c89a6b97de7dfaf5b8c7607d0478e236b04fb",
                "shasum": ""
            },
            "require": {
                "php": ">=5.2.0"
            },
            "require-dev": {
                "phpunit/phpunit": "4.*|5.*"
            },
            "suggest": {
                "ext-libsodium": "Provides a modern crypto API that can be used to generate random bytes."
            },
            "type": "library",
            "autoload": {
                "files": [
                    "lib/random.php"
                ]
            },
            "notification-url": "https://packagist.org/downloads/",
            "license": [
                "MIT"
            ],
            "authors": [
                {
                    "name": "Paragon Initiative Enterprises",
                    "email": "security@paragonie.com",
                    "homepage": "https://paragonie.com"
                }
            ],
            "description": "PHP 5.x polyfill for random_bytes() and random_int() from PHP 7",
            "keywords": [
                "csprng",
                "pseudorandom",
                "random"
            ],
            "time": "2018-04-04T21:24:14+00:00"
        },
        {
            "name": "sebastian/diff",
            "version": "1.4.3",
            "source": {
                "type": "git",
                "url": "https://github.com/sebastianbergmann/diff.git",
                "reference": "7f066a26a962dbe58ddea9f72a4e82874a3975a4"
            },
            "dist": {
                "type": "zip",
                "url": "https://api.github.com/repos/sebastianbergmann/diff/zipball/7f066a26a962dbe58ddea9f72a4e82874a3975a4",
                "reference": "7f066a26a962dbe58ddea9f72a4e82874a3975a4",
                "shasum": ""
            },
            "require": {
                "php": "^5.3.3 || ^7.0"
            },
            "require-dev": {
                "phpunit/phpunit": "^4.8.35 || ^5.7 || ^6.0"
            },
            "type": "library",
            "extra": {
                "branch-alias": {
                    "dev-master": "1.4-dev"
                }
            },
            "autoload": {
                "classmap": [
                    "src/"
                ]
            },
            "notification-url": "https://packagist.org/downloads/",
            "license": [
                "BSD-3-Clause"
            ],
            "authors": [
                {
                    "name": "Kore Nordmann",
                    "email": "mail@kore-nordmann.de"
                },
                {
                    "name": "Sebastian Bergmann",
                    "email": "sebastian@phpunit.de"
                }
            ],
            "description": "Diff implementation",
            "homepage": "https://github.com/sebastianbergmann/diff",
            "keywords": [
                "diff"
            ],
            "time": "2017-05-22T07:24:03+00:00"
        },
        {
            "name": "spomky-labs/otphp",
            "version": "v10.0.0",
            "source": {
                "type": "git",
                "url": "https://github.com/Spomky-Labs/otphp.git",
                "reference": "7c4e59c6a1cfe7798e5bf33cca6e5e5cdc5df9ff"
            },
            "dist": {
                "type": "zip",
                "url": "https://api.github.com/repos/Spomky-Labs/otphp/zipball/7c4e59c6a1cfe7798e5bf33cca6e5e5cdc5df9ff",
                "reference": "7c4e59c6a1cfe7798e5bf33cca6e5e5cdc5df9ff",
                "shasum": ""
            },
            "require": {
                "beberlei/assert": "^3.0",
                "ext-mbstring": "*",
                "paragonie/constant_time_encoding": "^2.0",
                "php": "^7.2|^8.0",
                "thecodingmachine/safe": "^0.1.14"
            },
            "require-dev": {
                "php-coveralls/php-coveralls": "^2.0",
                "phpstan/phpstan": "^0.11",
                "phpstan/phpstan-beberlei-assert": "^0.11.0",
                "phpstan/phpstan-deprecation-rules": "^0.11",
                "phpstan/phpstan-phpunit": "^0.11",
                "phpstan/phpstan-strict-rules": "^0.11",
                "phpunit/phpunit": "^8.0",
                "thecodingmachine/phpstan-safe-rule": "^0.1.0"
            },
            "type": "library",
            "extra": {
                "branch-alias": {
                    "v10.0": "10.0.x-dev",
                    "v9.0": "9.0.x-dev",
                    "v8.3": "8.3.x-dev"
                }
            },
            "autoload": {
                "psr-4": {
                    "OTPHP\\": "src/"
                }
            },
            "notification-url": "https://packagist.org/downloads/",
            "license": [
                "MIT"
            ],
            "authors": [
                {
                    "name": "Florent Morselli",
                    "homepage": "https://github.com/Spomky"
                },
                {
                    "name": "All contributors",
                    "homepage": "https://github.com/Spomky-Labs/otphp/contributors"
                }
            ],
            "description": "A PHP library for generating one time passwords according to RFC 4226 (HOTP Algorithm) and the RFC 6238 (TOTP Algorithm) and compatible with Google Authenticator",
            "homepage": "https://github.com/Spomky-Labs/otphp",
            "keywords": [
                "FreeOTP",
                "RFC 4226",
                "RFC 6238",
                "google authenticator",
                "hotp",
                "otp",
                "totp"
            ],
            "time": "2019-07-30T14:43:55+00:00"
        },
        {
            "name": "symfony/intl",
            "version": "v4.0.8",
            "source": {
                "type": "git",
                "url": "https://github.com/symfony/intl.git",
                "reference": "d58df88e3cfdb2702f5fd8cd67c33961c2539e0c"
            },
            "dist": {
                "type": "zip",
                "url": "https://api.github.com/repos/symfony/intl/zipball/d58df88e3cfdb2702f5fd8cd67c33961c2539e0c",
                "reference": "d58df88e3cfdb2702f5fd8cd67c33961c2539e0c",
                "shasum": ""
            },
            "require": {
                "php": "^7.1.3",
                "symfony/polyfill-intl-icu": "~1.0"
            },
            "require-dev": {
                "symfony/filesystem": "~3.4|~4.0"
            },
            "suggest": {
                "ext-intl": "to use the component with locales other than \"en\""
            },
            "type": "library",
            "extra": {
                "branch-alias": {
                    "dev-master": "4.0-dev"
                }
            },
            "autoload": {
                "psr-4": {
                    "Symfony\\Component\\Intl\\": ""
                },
                "classmap": [
                    "Resources/stubs"
                ],
                "exclude-from-classmap": [
                    "/Tests/"
                ]
            },
            "notification-url": "https://packagist.org/downloads/",
            "license": [
                "MIT"
            ],
            "authors": [
                {
                    "name": "Bernhard Schussek",
                    "email": "bschussek@gmail.com"
                },
                {
                    "name": "Eriksen Costa",
                    "email": "eriksen.costa@infranology.com.br"
                },
                {
                    "name": "Igor Wiedler",
                    "email": "igor@wiedler.ch"
                },
                {
                    "name": "Symfony Community",
                    "homepage": "https://symfony.com/contributors"
                }
            ],
            "description": "A PHP replacement layer for the C intl extension that includes additional data from the ICU library.",
            "homepage": "https://symfony.com",
            "keywords": [
                "i18n",
                "icu",
                "internationalization",
                "intl",
                "l10n",
                "localization"
            ],
            "time": "2018-04-02T09:52:41+00:00"
        },
        {
            "name": "symfony/polyfill",
            "version": "v1.7.0",
            "source": {
                "type": "git",
                "url": "https://github.com/symfony/polyfill.git",
                "reference": "86e27771f290e6af6d95c1c256f6d6d15ac9e22e"
            },
            "dist": {
                "type": "zip",
                "url": "https://api.github.com/repos/symfony/polyfill/zipball/86e27771f290e6af6d95c1c256f6d6d15ac9e22e",
                "reference": "86e27771f290e6af6d95c1c256f6d6d15ac9e22e",
                "shasum": ""
            },
            "require": {
                "ircmaxell/password-compat": "~1.0",
                "paragonie/random_compat": "~1.0|~2.0",
                "php": ">=5.3.3",
                "symfony/intl": "~2.3|~3.0|~4.0"
            },
            "replace": {
                "symfony/polyfill-apcu": "self.version",
                "symfony/polyfill-iconv": "self.version",
                "symfony/polyfill-intl-grapheme": "self.version",
                "symfony/polyfill-intl-icu": "self.version",
                "symfony/polyfill-intl-normalizer": "self.version",
                "symfony/polyfill-mbstring": "self.version",
                "symfony/polyfill-php54": "self.version",
                "symfony/polyfill-php55": "self.version",
                "symfony/polyfill-php56": "self.version",
                "symfony/polyfill-php70": "self.version",
                "symfony/polyfill-php71": "self.version",
                "symfony/polyfill-php72": "self.version",
                "symfony/polyfill-util": "self.version",
                "symfony/polyfill-xml": "self.version"
            },
            "require-dev": {
                "symfony/phpunit-bridge": "~3.2"
            },
            "type": "library",
            "extra": {
                "branch-alias": {
                    "dev-master": "1.7-dev"
                }
            },
            "autoload": {
                "psr-4": {
                    "Symfony\\Polyfill\\": "src/"
                },
                "files": [
                    "src/Apcu/bootstrap.php",
                    "src/Php54/bootstrap.php",
                    "src/Php55/bootstrap.php",
                    "src/Php56/bootstrap.php",
                    "src/Php70/bootstrap.php",
                    "src/Php71/bootstrap.php",
                    "src/Php72/bootstrap.php",
                    "src/Iconv/bootstrap.php",
                    "src/Intl/Grapheme/bootstrap.php",
                    "src/Intl/Icu/bootstrap.php",
                    "src/Intl/Normalizer/bootstrap.php",
                    "src/Mbstring/bootstrap.php"
                ],
                "classmap": [
                    "src/Intl/Normalizer/Resources/stubs",
                    "src/Php70/Resources/stubs",
                    "src/Php54/Resources/stubs"
                ]
            },
            "notification-url": "https://packagist.org/downloads/",
            "license": [
                "MIT"
            ],
            "authors": [
                {
                    "name": "Nicolas Grekas",
                    "email": "p@tchwork.com"
                },
                {
                    "name": "Symfony Community",
                    "homepage": "https://symfony.com/contributors"
                }
            ],
            "description": "Symfony polyfills backporting features to lower PHP versions",
            "homepage": "https://symfony.com",
            "keywords": [
                "compat",
                "compatibility",
                "polyfill",
                "shim"
            ],
            "time": "2018-01-31T19:39:15+00:00"
        },
        {
            "name": "thecodingmachine/safe",
            "version": "v0.1.16",
            "source": {
                "type": "git",
                "url": "https://github.com/thecodingmachine/safe.git",
                "reference": "4e8f840f0a0a2ea167813c3994a7fc527c3c2182"
            },
            "dist": {
                "type": "zip",
                "url": "https://api.github.com/repos/thecodingmachine/safe/zipball/4e8f840f0a0a2ea167813c3994a7fc527c3c2182",
                "reference": "4e8f840f0a0a2ea167813c3994a7fc527c3c2182",
                "shasum": ""
            },
            "require": {
                "php": ">=7.1"
            },
            "require-dev": {
                "phpstan/phpstan": "^0.10.3",
                "squizlabs/php_codesniffer": "^3.2",
                "thecodingmachine/phpstan-strict-rules": "^0.10.3"
            },
            "type": "library",
            "extra": {
                "branch-alias": {
                    "dev-master": "0.1-dev"
                }
            },
            "autoload": {
                "psr-4": {
                    "Safe\\": [
                        "lib/",
                        "generated/"
                    ]
                },
                "files": [
                    "generated/apache.php",
                    "generated/apc.php",
                    "generated/apcu.php",
                    "generated/array.php",
                    "generated/bzip2.php",
                    "generated/classobj.php",
                    "generated/com.php",
                    "generated/cubrid.php",
                    "generated/curl.php",
                    "generated/datetime.php",
                    "generated/dir.php",
                    "generated/eio.php",
                    "generated/errorfunc.php",
                    "generated/exec.php",
                    "generated/fileinfo.php",
                    "generated/filesystem.php",
                    "generated/filter.php",
                    "generated/fpm.php",
                    "generated/ftp.php",
                    "generated/funchand.php",
                    "generated/gmp.php",
                    "generated/gnupg.php",
                    "generated/hash.php",
                    "generated/ibase.php",
                    "generated/ibmDb2.php",
                    "generated/iconv.php",
                    "generated/image.php",
                    "generated/imap.php",
                    "generated/info.php",
                    "generated/ingres-ii.php",
                    "generated/inotify.php",
                    "generated/json.php",
                    "generated/ldap.php",
                    "generated/libevent.php",
                    "generated/libxml.php",
                    "generated/lzf.php",
                    "generated/mailparse.php",
                    "generated/mbstring.php",
                    "generated/misc.php",
                    "generated/msql.php",
                    "generated/mssql.php",
                    "generated/mysql.php",
                    "generated/mysqli.php",
                    "generated/mysqlndMs.php",
                    "generated/mysqlndQc.php",
                    "generated/network.php",
                    "generated/oci8.php",
                    "generated/opcache.php",
                    "generated/openssl.php",
                    "generated/outcontrol.php",
                    "generated/password.php",
                    "generated/pcntl.php",
                    "generated/pcre.php",
                    "generated/pdf.php",
                    "generated/pgsql.php",
                    "generated/posix.php",
                    "generated/ps.php",
                    "generated/pspell.php",
                    "generated/readline.php",
                    "generated/rrd.php",
                    "generated/sem.php",
                    "generated/session.php",
                    "generated/shmop.php",
                    "generated/simplexml.php",
                    "generated/sockets.php",
                    "generated/sodium.php",
                    "generated/solr.php",
                    "generated/spl.php",
                    "generated/sqlsrv.php",
                    "generated/ssdeep.php",
                    "generated/ssh2.php",
                    "generated/stats.php",
                    "generated/stream.php",
                    "generated/strings.php",
                    "generated/swoole.php",
                    "generated/uodbc.php",
                    "generated/uopz.php",
                    "generated/url.php",
                    "generated/var.php",
                    "generated/xdiff.php",
                    "generated/xml.php",
                    "generated/xmlrpc.php",
                    "generated/yaml.php",
                    "generated/yaz.php",
                    "generated/zip.php",
                    "generated/zlib.php",
                    "lib/special_cases.php"
                ]
            },
            "notification-url": "https://packagist.org/downloads/",
            "license": [
                "MIT"
            ],
            "description": "PHP core functions that throw exceptions instead of returning FALSE on error",
            "time": "2019-06-25T08:45:33+00:00"
        },
        {
            "name": "tuupola/base32",
            "version": "0.2.0",
            "source": {
                "type": "git",
                "url": "https://github.com/tuupola/base32.git",
                "reference": "43a783c6eb3f125a5efdc9e22a97f6cc604f345e"
            },
            "dist": {
                "type": "zip",
                "url": "https://api.github.com/repos/tuupola/base32/zipball/43a783c6eb3f125a5efdc9e22a97f6cc604f345e",
                "reference": "43a783c6eb3f125a5efdc9e22a97f6cc604f345e",
                "shasum": ""
            },
            "require": {
                "php": "^5.6 || ^7.0"
            },
            "require-dev": {
                "overtrue/phplint": "^0.2.1",
                "paragonie/random_compat": "^2.0",
                "phpbench/phpbench": "^0.13.0",
                "phpunit/phpunit": "^4.8 || ^5.5 || ^6.5",
                "squizlabs/php_codesniffer": "^2.5"
            },
            "suggest": {
                "ext-gmp": "GMP extension provides the fastest encoding and decoding."
            },
            "type": "library",
            "autoload": {
                "psr-4": {
                    "Tuupola\\": "src"
                }
            },
            "notification-url": "https://packagist.org/downloads/",
            "license": [
                "MIT"
            ],
            "authors": [
                {
                    "name": "Mika Tuupola",
                    "email": "tuupola@appelsiini.net",
                    "homepage": "https://appelsiini.net/",
                    "role": "Developer"
                }
            ],
            "description": "Base32 encoder and decoder for arbitrary data",
            "homepage": "https://github.com/tuupola/base32",
            "keywords": [
                "base32"
            ],
            "time": "2019-05-05T08:28:12+00:00"
        },
        {
            "name": "voku/anti-xss",
            "version": "2.2.1",
            "source": {
                "type": "git",
                "url": "https://github.com/voku/anti-xss.git",
                "reference": "cde2346113c3d84495ddb2d1fe511ca9c7c0db3c"
            },
            "dist": {
                "type": "zip",
                "url": "https://api.github.com/repos/voku/anti-xss/zipball/cde2346113c3d84495ddb2d1fe511ca9c7c0db3c",
                "reference": "cde2346113c3d84495ddb2d1fe511ca9c7c0db3c",
                "shasum": ""
            },
            "require": {
                "php": ">=5.3.0",
                "voku/portable-utf8": "~3.1"
            },
            "require-dev": {
                "phpunit/phpunit": "~4.0|~5.0"
            },
            "type": "library",
            "extra": {
                "branch-alias": {
                    "dev-master": "2.0.x-dev"
                }
            },
            "autoload": {
                "psr-4": {
                    "voku\\helper\\": "src/voku/helper/"
                }
            },
            "notification-url": "https://packagist.org/downloads/",
            "license": [
                "MIT"
            ],
            "authors": [
                {
                    "name": "EllisLab Dev Team",
                    "homepage": "http://ellislab.com/"
                },
                {
                    "name": "Lars Moelleken",
                    "email": "lars@moelleken.org",
                    "homepage": "http://www.moelleken.org/"
                }
            ],
            "description": "anti xss-library",
            "homepage": "https://github.com/voku/anti-xss",
            "keywords": [
                "anti-xss",
                "clean",
                "security",
                "xss"
            ],
            "time": "2018-02-14T13:32:33+00:00"
        },
        {
            "name": "voku/portable-utf8",
            "version": "3.1.30",
            "source": {
                "type": "git",
                "url": "https://github.com/voku/portable-utf8.git",
                "reference": "162de9c40d8a7dff84697296f375b424aef53df8"
            },
            "dist": {
                "type": "zip",
                "url": "https://api.github.com/repos/voku/portable-utf8/zipball/162de9c40d8a7dff84697296f375b424aef53df8",
                "reference": "162de9c40d8a7dff84697296f375b424aef53df8",
                "shasum": ""
            },
            "require": {
                "php": ">=5.3.0",
                "symfony/polyfill": "~1.0"
            },
            "require-dev": {
                "phpunit/phpunit": "~4.0|~5.0"
            },
            "suggest": {
                "ext-iconv": "Use iconv for best performance",
                "ext-intl": "Use Intl for best performance",
                "ext-mbstring": "Use Mbstring for best performance"
            },
            "type": "library",
            "extra": {
                "branch-alias": {
                    "dev-master": "3.1.x-dev"
                }
            },
            "autoload": {
                "psr-4": {
                    "voku\\": "src/voku/"
                },
                "files": [
                    "bootstrap.php"
                ]
            },
            "notification-url": "https://packagist.org/downloads/",
            "license": [
                "(Apache-2.0 or GPL-2.0)"
            ],
            "authors": [
                {
                    "name": "Hamid Sarfraz",
                    "homepage": "http://pageconfig.com/"
                },
                {
                    "name": "Lars Moelleken",
                    "homepage": "http://www.moelleken.org/"
                },
                {
                    "name": "Nicolas Grekas",
                    "email": "p@tchwork.com"
                }
            ],
            "description": "Portable UTF-8 library with polyfill / shim for Iconv, Intl, Mbstring, Normalizrer etc.",
            "homepage": "https://github.com/voku/portable-utf8",
            "keywords": [
                "UTF",
                "clean",
                "php",
                "unicode",
                "utf-8",
                "utf8"
            ],
            "time": "2017-10-08T23:25:51+00:00"
        }
    ],
    "packages-dev": [],
    "aliases": [],
    "minimum-stability": "stable",
    "stability-flags": [],
    "prefer-stable": false,
    "prefer-lowest": false,
    "platform": [],
    "platform-dev": []
}
